// !$*UTF8*$!
{
	archiveVersion = 1;
	classes = {
	};
	objectVersion = 46;
	objects = {

/* Begin PBXBuildFile section */
		CD0FDFF01310CE2F007AD280 /* Default.png in Resources */ = {isa = PBXBuildFile; fileRef = CD0FDFEC1310CE2F007AD280 /* Default.png */; };
		CD0FDFF11310CE2F007AD280 /* Default@2x.png in Resources */ = {isa = PBXBuildFile; fileRef = CD0FDFED1310CE2F007AD280 /* Default@2x.png */; };
		CD0FDFF21310CE2F007AD280 /* Icon.png in Resources */ = {isa = PBXBuildFile; fileRef = CD0FDFEE1310CE2F007AD280 /* Icon.png */; };
		CD0FDFF31310CE2F007AD280 /* Icon@2x.png in Resources */ = {isa = PBXBuildFile; fileRef = CD0FDFEF1310CE2F007AD280 /* Icon@2x.png */; };
		CD2BAA4F131094CF0091E65A /* UIKit.framework in Frameworks */ = {isa = PBXBuildFile; fileRef = CD2BAA4E131094CF0091E65A /* UIKit.framework */; };
		CD2BAA51131094CF0091E65A /* Foundation.framework in Frameworks */ = {isa = PBXBuildFile; fileRef = CD2BAA50131094CF0091E65A /* Foundation.framework */; };
		CD2BAA53131094CF0091E65A /* CoreGraphics.framework in Frameworks */ = {isa = PBXBuildFile; fileRef = CD2BAA52131094CF0091E65A /* CoreGraphics.framework */; };
		CD2BAA59131094CF0091E65A /* InfoPlist.strings in Resources */ = {isa = PBXBuildFile; fileRef = CD2BAA57131094CF0091E65A /* InfoPlist.strings */; };
		CD2BAA5C131094CF0091E65A /* main.m in Sources */ = {isa = PBXBuildFile; fileRef = CD2BAA5B131094CF0091E65A /* main.m */; };
		CD2BAA5F131094CF0091E65A /* BOMServationsAppDelegate.m in Sources */ = {isa = PBXBuildFile; fileRef = CD2BAA5E131094CF0091E65A /* BOMServationsAppDelegate.m */; };
		CD2BAA62131094CF0091E65A /* MainWindow.xib in Resources */ = {isa = PBXBuildFile; fileRef = CD2BAA60131094CF0091E65A /* MainWindow.xib */; };
		CD2BAA65131094CF0091E65A /* RootViewController.m in Sources */ = {isa = PBXBuildFile; fileRef = CD2BAA64131094CF0091E65A /* RootViewController.m */; };
		CD2BAA68131094CF0091E65A /* RootViewController.xib in Resources */ = {isa = PBXBuildFile; fileRef = CD2BAA66131094CF0091E65A /* RootViewController.xib */; };
		CD2BAA7613109CD40091E65A /* SQLDatabase.m in Sources */ = {isa = PBXBuildFile; fileRef = CD2BAA7213109CD40091E65A /* SQLDatabase.m */; };
		CD2BAA7713109CD40091E65A /* SQLRow.m in Sources */ = {isa = PBXBuildFile; fileRef = CD2BAA7313109CD40091E65A /* SQLRow.m */; };
		CD2BAA7813109CD40091E65A /* SQLResult.m in Sources */ = {isa = PBXBuildFile; fileRef = CD2BAA7513109CD40091E65A /* SQLResult.m */; };
		CD2BAA7B13109DAC0091E65A /* NSDateJSON.m in Sources */ = {isa = PBXBuildFile; fileRef = CD2BAA7913109DAC0091E65A /* NSDateJSON.m */; };
		CD2BAA7D13109DEA0091E65A /* libsqlite3.dylib in Frameworks */ = {isa = PBXBuildFile; fileRef = CD2BAA7C13109DEA0091E65A /* libsqlite3.dylib */; };
		CD2BAA881310A4930091E65A /* PersistStore.m in Sources */ = {isa = PBXBuildFile; fileRef = CD2BAA871310A48F0091E65A /* PersistStore.m */; };
		CD2BAA8F1310BF930091E65A /* ObservationRetriever.m in Sources */ = {isa = PBXBuildFile; fileRef = CD2BAA8E1310BF920091E65A /* ObservationRetriever.m */; };
		CD2BAA991310C0AA0091E65A /* NSObject+SBJSON.m in Sources */ = {isa = PBXBuildFile; fileRef = CD2BAA941310C0AA0091E65A /* NSObject+SBJSON.m */; };
		CD2BAA9A1310C0AA0091E65A /* NSString+SBJSON.m in Sources */ = {isa = PBXBuildFile; fileRef = CD2BAA961310C0AA0091E65A /* NSString+SBJSON.m */; };
		CD2BAA9B1310C0AA0091E65A /* SBJSON.m in Sources */ = {isa = PBXBuildFile; fileRef = CD2BAA981310C0AA0091E65A /* SBJSON.m */; };
		CD60E65C1330D56F00B6F95D /* stations.db in Resources */ = {isa = PBXBuildFile; fileRef = CD60E65B1330D56F00B6F95D /* stations.db */; };
		CD60E6601330D71A00B6F95D /* StationsStore.m in Sources */ = {isa = PBXBuildFile; fileRef = CD60E65F1330D71A00B6F95D /* StationsStore.m */; };
		CD60E6651330DEE000B6F95D /* MyChoices.m in Sources */ = {isa = PBXBuildFile; fileRef = CD60E6631330DEE000B6F95D /* MyChoices.m */; };
		CD60E6661330DEE000B6F95D /* MyChoices.xib in Resources */ = {isa = PBXBuildFile; fileRef = CD60E6641330DEE000B6F95D /* MyChoices.xib */; };
		CD60E66A1330E10F00B6F95D /* AddStation.m in Sources */ = {isa = PBXBuildFile; fileRef = CD60E6681330E10F00B6F95D /* AddStation.m */; };
		CD60E66B1330E10F00B6F95D /* AddStation.xib in Resources */ = {isa = PBXBuildFile; fileRef = CD60E6691330E10F00B6F95D /* AddStation.xib */; };
/* End PBXBuildFile section */

/* Begin PBXFileReference section */
		CD0FDFEC1310CE2F007AD280 /* Default.png */ = {isa = PBXFileReference; lastKnownFileType = image.png; path = Default.png; sourceTree = "<group>"; };
		CD0FDFED1310CE2F007AD280 /* Default@2x.png */ = {isa = PBXFileReference; lastKnownFileType = image.png; path = "Default@2x.png"; sourceTree = "<group>"; };
		CD0FDFEE1310CE2F007AD280 /* Icon.png */ = {isa = PBXFileReference; lastKnownFileType = image.png; path = Icon.png; sourceTree = "<group>"; };
		CD0FDFEF1310CE2F007AD280 /* Icon@2x.png */ = {isa = PBXFileReference; lastKnownFileType = image.png; path = "Icon@2x.png"; sourceTree = "<group>"; };
		CD2BAA4A131094CF0091E65A /* BOMServations.app */ = {isa = PBXFileReference; explicitFileType = wrapper.application; includeInIndex = 0; path = BOMServations.app; sourceTree = BUILT_PRODUCTS_DIR; };
		CD2BAA4E131094CF0091E65A /* UIKit.framework */ = {isa = PBXFileReference; lastKnownFileType = wrapper.framework; name = UIKit.framework; path = System/Library/Frameworks/UIKit.framework; sourceTree = SDKROOT; };
		CD2BAA50131094CF0091E65A /* Foundation.framework */ = {isa = PBXFileReference; lastKnownFileType = wrapper.framework; name = Foundation.framework; path = System/Library/Frameworks/Foundation.framework; sourceTree = SDKROOT; };
		CD2BAA52131094CF0091E65A /* CoreGraphics.framework */ = {isa = PBXFileReference; lastKnownFileType = wrapper.framework; name = CoreGraphics.framework; path = System/Library/Frameworks/CoreGraphics.framework; sourceTree = SDKROOT; };
		CD2BAA56131094CF0091E65A /* BOMServations-Info.plist */ = {isa = PBXFileReference; lastKnownFileType = text.plist.xml; path = "BOMServations-Info.plist"; sourceTree = "<group>"; };
		CD2BAA58131094CF0091E65A /* en */ = {isa = PBXFileReference; lastKnownFileType = text.plist.strings; name = en; path = en.lproj/InfoPlist.strings; sourceTree = "<group>"; };
		CD2BAA5A131094CF0091E65A /* BOMServations-Prefix.pch */ = {isa = PBXFileReference; lastKnownFileType = sourcecode.c.h; path = "BOMServations-Prefix.pch"; sourceTree = "<group>"; };
		CD2BAA5B131094CF0091E65A /* main.m */ = {isa = PBXFileReference; lastKnownFileType = sourcecode.c.objc; path = main.m; sourceTree = "<group>"; };
		CD2BAA5D131094CF0091E65A /* BOMServationsAppDelegate.h */ = {isa = PBXFileReference; lastKnownFileType = sourcecode.c.h; path = BOMServationsAppDelegate.h; sourceTree = "<group>"; };
		CD2BAA5E131094CF0091E65A /* BOMServationsAppDelegate.m */ = {isa = PBXFileReference; lastKnownFileType = sourcecode.c.objc; path = BOMServationsAppDelegate.m; sourceTree = "<group>"; };
		CD2BAA61131094CF0091E65A /* en */ = {isa = PBXFileReference; lastKnownFileType = file.xib; name = en; path = en.lproj/MainWindow.xib; sourceTree = "<group>"; };
		CD2BAA63131094CF0091E65A /* RootViewController.h */ = {isa = PBXFileReference; lastKnownFileType = sourcecode.c.h; path = RootViewController.h; sourceTree = "<group>"; };
		CD2BAA64131094CF0091E65A /* RootViewController.m */ = {isa = PBXFileReference; lastKnownFileType = sourcecode.c.objc; path = RootViewController.m; sourceTree = "<group>"; };
		CD2BAA67131094CF0091E65A /* en */ = {isa = PBXFileReference; lastKnownFileType = file.xib; name = en; path = en.lproj/RootViewController.xib; sourceTree = "<group>"; };
		CD2BAA7113109CD40091E65A /* SQLDatabase.h */ = {isa = PBXFileReference; fileEncoding = 4; lastKnownFileType = sourcecode.c.h; path = SQLDatabase.h; sourceTree = "<group>"; };
		CD2BAA7213109CD40091E65A /* SQLDatabase.m */ = {isa = PBXFileReference; fileEncoding = 4; lastKnownFileType = sourcecode.c.objc; path = SQLDatabase.m; sourceTree = "<group>"; };
		CD2BAA7313109CD40091E65A /* SQLRow.m */ = {isa = PBXFileReference; fileEncoding = 4; lastKnownFileType = sourcecode.c.objc; path = SQLRow.m; sourceTree = "<group>"; };
		CD2BAA7413109CD40091E65A /* SQLDatabasePrivate.h */ = {isa = PBXFileReference; fileEncoding = 4; lastKnownFileType = sourcecode.c.h; path = SQLDatabasePrivate.h; sourceTree = "<group>"; };
		CD2BAA7513109CD40091E65A /* SQLResult.m */ = {isa = PBXFileReference; fileEncoding = 4; lastKnownFileType = sourcecode.c.objc; path = SQLResult.m; sourceTree = "<group>"; };
		CD2BAA7913109DAC0091E65A /* NSDateJSON.m */ = {isa = PBXFileReference; fileEncoding = 4; lastKnownFileType = sourcecode.c.objc; path = NSDateJSON.m; sourceTree = "<group>"; };
		CD2BAA7A13109DAC0091E65A /* NSDateJSON.h */ = {isa = PBXFileReference; fileEncoding = 4; lastKnownFileType = sourcecode.c.h; path = NSDateJSON.h; sourceTree = "<group>"; };
		CD2BAA7C13109DEA0091E65A /* libsqlite3.dylib */ = {isa = PBXFileReference; lastKnownFileType = "compiled.mach-o.dylib"; name = libsqlite3.dylib; path = usr/lib/libsqlite3.dylib; sourceTree = SDKROOT; };
		CD2BAA861310A48D0091E65A /* PersistStore.h */ = {isa = PBXFileReference; fileEncoding = 4; lastKnownFileType = sourcecode.c.h; path = PersistStore.h; sourceTree = "<group>"; };
		CD2BAA871310A48F0091E65A /* PersistStore.m */ = {isa = PBXFileReference; fileEncoding = 4; lastKnownFileType = sourcecode.c.objc; path = PersistStore.m; sourceTree = "<group>"; };
		CD2BAA8D1310BF920091E65A /* ObservationRetriever.h */ = {isa = PBXFileReference; fileEncoding = 4; lastKnownFileType = sourcecode.c.h; path = ObservationRetriever.h; sourceTree = "<group>"; };
		CD2BAA8E1310BF920091E65A /* ObservationRetriever.m */ = {isa = PBXFileReference; fileEncoding = 4; lastKnownFileType = sourcecode.c.objc; path = ObservationRetriever.m; sourceTree = "<group>"; };
		CD2BAA921310C0AA0091E65A /* JSON.h */ = {isa = PBXFileReference; fileEncoding = 4; lastKnownFileType = sourcecode.c.h; path = JSON.h; sourceTree = "<group>"; };
		CD2BAA931310C0AA0091E65A /* NSObject+SBJSON.h */ = {isa = PBXFileReference; fileEncoding = 4; lastKnownFileType = sourcecode.c.h; path = "NSObject+SBJSON.h"; sourceTree = "<group>"; };
		CD2BAA941310C0AA0091E65A /* NSObject+SBJSON.m */ = {isa = PBXFileReference; fileEncoding = 4; lastKnownFileType = sourcecode.c.objc; path = "NSObject+SBJSON.m"; sourceTree = "<group>"; };
		CD2BAA951310C0AA0091E65A /* NSString+SBJSON.h */ = {isa = PBXFileReference; fileEncoding = 4; lastKnownFileType = sourcecode.c.h; path = "NSString+SBJSON.h"; sourceTree = "<group>"; };
		CD2BAA961310C0AA0091E65A /* NSString+SBJSON.m */ = {isa = PBXFileReference; fileEncoding = 4; lastKnownFileType = sourcecode.c.objc; path = "NSString+SBJSON.m"; sourceTree = "<group>"; };
		CD2BAA971310C0AA0091E65A /* SBJSON.h */ = {isa = PBXFileReference; fileEncoding = 4; lastKnownFileType = sourcecode.c.h; path = SBJSON.h; sourceTree = "<group>"; };
		CD2BAA981310C0AA0091E65A /* SBJSON.m */ = {isa = PBXFileReference; fileEncoding = 4; lastKnownFileType = sourcecode.c.objc; path = SBJSON.m; sourceTree = "<group>"; };
		CD60E65B1330D56F00B6F95D /* stations.db */ = {isa = PBXFileReference; lastKnownFileType = file; name = stations.db; path = Support/stations.db; sourceTree = SOURCE_ROOT; };
		CD60E65E1330D71A00B6F95D /* StationsStore.h */ = {isa = PBXFileReference; fileEncoding = 4; lastKnownFileType = sourcecode.c.h; path = StationsStore.h; sourceTree = "<group>"; };
		CD60E65F1330D71A00B6F95D /* StationsStore.m */ = {isa = PBXFileReference; fileEncoding = 4; lastKnownFileType = sourcecode.c.objc; path = StationsStore.m; sourceTree = "<group>"; };
		CD60E6621330DEE000B6F95D /* MyChoices.h */ = {isa = PBXFileReference; fileEncoding = 4; lastKnownFileType = sourcecode.c.h; path = MyChoices.h; sourceTree = "<group>"; };
		CD60E6631330DEE000B6F95D /* MyChoices.m */ = {isa = PBXFileReference; fileEncoding = 4; lastKnownFileType = sourcecode.c.objc; path = MyChoices.m; sourceTree = "<group>"; };
		CD60E6641330DEE000B6F95D /* MyChoices.xib */ = {isa = PBXFileReference; fileEncoding = 4; lastKnownFileType = file.xib; path = MyChoices.xib; sourceTree = "<group>"; };
		CD60E6671330E10F00B6F95D /* AddStation.h */ = {isa = PBXFileReference; fileEncoding = 4; lastKnownFileType = sourcecode.c.h; path = AddStation.h; sourceTree = "<group>"; };
		CD60E6681330E10F00B6F95D /* AddStation.m */ = {isa = PBXFileReference; fileEncoding = 4; lastKnownFileType = sourcecode.c.objc; path = AddStation.m; sourceTree = "<group>"; };
		CD60E6691330E10F00B6F95D /* AddStation.xib */ = {isa = PBXFileReference; fileEncoding = 4; lastKnownFileType = file.xib; path = AddStation.xib; sourceTree = "<group>"; };
/* End PBXFileReference section */

/* Begin PBXFrameworksBuildPhase section */
		CD2BAA47131094CF0091E65A /* Frameworks */ = {
			isa = PBXFrameworksBuildPhase;
			buildActionMask = 2147483647;
			files = (
				CD2BAA4F131094CF0091E65A /* UIKit.framework in Frameworks */,
				CD2BAA51131094CF0091E65A /* Foundation.framework in Frameworks */,
				CD2BAA53131094CF0091E65A /* CoreGraphics.framework in Frameworks */,
				CD2BAA7D13109DEA0091E65A /* libsqlite3.dylib in Frameworks */,
			);
			runOnlyForDeploymentPostprocessing = 0;
		};
/* End PBXFrameworksBuildPhase section */

/* Begin PBXGroup section */
		CD2BAA3F131094CF0091E65A = {
			isa = PBXGroup;
			children = (
				CD2BAA54131094CF0091E65A /* BOMServations */,
				CD2BAA4D131094CF0091E65A /* Frameworks */,
				CD2BAA4B131094CF0091E65A /* Products */,
			);
			sourceTree = "<group>";
		};
		CD2BAA4B131094CF0091E65A /* Products */ = {
			isa = PBXGroup;
			children = (
				CD2BAA4A131094CF0091E65A /* BOMServations.app */,
			);
			name = Products;
			sourceTree = "<group>";
		};
		CD2BAA4D131094CF0091E65A /* Frameworks */ = {
			isa = PBXGroup;
			children = (
				CD2BAA7C13109DEA0091E65A /* libsqlite3.dylib */,
				CD2BAA4E131094CF0091E65A /* UIKit.framework */,
				CD2BAA50131094CF0091E65A /* Foundation.framework */,
				CD2BAA52131094CF0091E65A /* CoreGraphics.framework */,
			);
			name = Frameworks;
			sourceTree = "<group>";
		};
		CD2BAA54131094CF0091E65A /* BOMServations */ = {
			isa = PBXGroup;
			children = (
				CD60E6611330DEB600B6F95D /* View Controllers */,
				CD2BAA911310C0AA0091E65A /* JSON */,
				CD2BAA7013109CB10091E65A /* SQLDatabase */,
				CD2BAA5D131094CF0091E65A /* BOMServationsAppDelegate.h */,
				CD2BAA5E131094CF0091E65A /* BOMServationsAppDelegate.m */,
				CD2BAA60131094CF0091E65A /* MainWindow.xib */,
				CD2BAA63131094CF0091E65A /* RootViewController.h */,
				CD2BAA64131094CF0091E65A /* RootViewController.m */,
				CD2BAA66131094CF0091E65A /* RootViewController.xib */,
				CD2BAA55131094CF0091E65A /* Supporting Files */,
				CD2BAA861310A48D0091E65A /* PersistStore.h */,
				CD2BAA871310A48F0091E65A /* PersistStore.m */,
				CD2BAA8D1310BF920091E65A /* ObservationRetriever.h */,
				CD2BAA8E1310BF920091E65A /* ObservationRetriever.m */,
				CD60E65E1330D71A00B6F95D /* StationsStore.h */,
				CD60E65F1330D71A00B6F95D /* StationsStore.m */,
			);
			path = BOMServations;
			sourceTree = "<group>";
		};
		CD2BAA55131094CF0091E65A /* Supporting Files */ = {
			isa = PBXGroup;
			children = (
				CD60E65B1330D56F00B6F95D /* stations.db */,
				CD0FDFEC1310CE2F007AD280 /* Default.png */,
				CD0FDFED1310CE2F007AD280 /* Default@2x.png */,
				CD0FDFEE1310CE2F007AD280 /* Icon.png */,
				CD0FDFEF1310CE2F007AD280 /* Icon@2x.png */,
				CD2BAA56131094CF0091E65A /* BOMServations-Info.plist */,
				CD2BAA57131094CF0091E65A /* InfoPlist.strings */,
				CD2BAA5A131094CF0091E65A /* BOMServations-Prefix.pch */,
				CD2BAA5B131094CF0091E65A /* main.m */,
			);
			name = "Supporting Files";
			sourceTree = "<group>";
		};
		CD2BAA7013109CB10091E65A /* SQLDatabase */ = {
			isa = PBXGroup;
			children = (
				CD2BAA7913109DAC0091E65A /* NSDateJSON.m */,
				CD2BAA7A13109DAC0091E65A /* NSDateJSON.h */,
				CD2BAA7113109CD40091E65A /* SQLDatabase.h */,
				CD2BAA7213109CD40091E65A /* SQLDatabase.m */,
				CD2BAA7313109CD40091E65A /* SQLRow.m */,
				CD2BAA7413109CD40091E65A /* SQLDatabasePrivate.h */,
				CD2BAA7513109CD40091E65A /* SQLResult.m */,
			);
			name = SQLDatabase;
			sourceTree = "<group>";
		};
		CD2BAA911310C0AA0091E65A /* JSON */ = {
			isa = PBXGroup;
			children = (
				CD2BAA921310C0AA0091E65A /* JSON.h */,
				CD2BAA931310C0AA0091E65A /* NSObject+SBJSON.h */,
				CD2BAA941310C0AA0091E65A /* NSObject+SBJSON.m */,
				CD2BAA951310C0AA0091E65A /* NSString+SBJSON.h */,
				CD2BAA961310C0AA0091E65A /* NSString+SBJSON.m */,
				CD2BAA971310C0AA0091E65A /* SBJSON.h */,
				CD2BAA981310C0AA0091E65A /* SBJSON.m */,
			);
			path = JSON;
			sourceTree = "<group>";
		};
		CD60E6611330DEB600B6F95D /* View Controllers */ = {
			isa = PBXGroup;
			children = (
				CD60E6621330DEE000B6F95D /* MyChoices.h */,
				CD60E6631330DEE000B6F95D /* MyChoices.m */,
				CD60E6641330DEE000B6F95D /* MyChoices.xib */,
				CD60E6671330E10F00B6F95D /* AddStation.h */,
				CD60E6681330E10F00B6F95D /* AddStation.m */,
				CD60E6691330E10F00B6F95D /* AddStation.xib */,
			);
			name = "View Controllers";
			sourceTree = "<group>";
		};
/* End PBXGroup section */

/* Begin PBXNativeTarget section */
		CD2BAA49131094CF0091E65A /* BOMServations */ = {
			isa = PBXNativeTarget;
			buildConfigurationList = CD2BAA6B131094CF0091E65A /* Build configuration list for PBXNativeTarget "BOMServations" */;
			buildPhases = (
				CD2BAA46131094CF0091E65A /* Sources */,
				CD2BAA47131094CF0091E65A /* Frameworks */,
				CD2BAA48131094CF0091E65A /* Resources */,
			);
			buildRules = (
			);
			dependencies = (
			);
			name = BOMServations;
			productName = BOMServations;
			productReference = CD2BAA4A131094CF0091E65A /* BOMServations.app */;
			productType = "com.apple.product-type.application";
		};
/* End PBXNativeTarget section */

/* Begin PBXProject section */
		CD2BAA41131094CF0091E65A /* Project object */ = {
			isa = PBXProject;
			attributes = {
				ORGANIZATIONNAME = "Sharkey Media";
			};
			buildConfigurationList = CD2BAA44131094CF0091E65A /* Build configuration list for PBXProject "BOMServations" */;
			compatibilityVersion = "Xcode 3.2";
			developmentRegion = English;
			hasScannedForEncodings = 0;
			knownRegions = (
				en,
			);
			mainGroup = CD2BAA3F131094CF0091E65A;
			productRefGroup = CD2BAA4B131094CF0091E65A /* Products */;
			projectDirPath = "";
			projectRoot = "";
			targets = (
				CD2BAA49131094CF0091E65A /* BOMServations */,
			);
		};
/* End PBXProject section */

/* Begin PBXResourcesBuildPhase section */
		CD2BAA48131094CF0091E65A /* Resources */ = {
			isa = PBXResourcesBuildPhase;
			buildActionMask = 2147483647;
			files = (
				CD2BAA59131094CF0091E65A /* InfoPlist.strings in Resources */,
				CD2BAA62131094CF0091E65A /* MainWindow.xib in Resources */,
				CD2BAA68131094CF0091E65A /* RootViewController.xib in Resources */,
				CD0FDFF01310CE2F007AD280 /* Default.png in Resources */,
				CD0FDFF11310CE2F007AD280 /* Default@2x.png in Resources */,
				CD0FDFF21310CE2F007AD280 /* Icon.png in Resources */,
				CD0FDFF31310CE2F007AD280 /* Icon@2x.png in Resources */,
				CD60E65C1330D56F00B6F95D /* stations.db in Resources */,
				CD60E6661330DEE000B6F95D /* MyChoices.xib in Resources */,
				CD60E66B1330E10F00B6F95D /* AddStation.xib in Resources */,
			);
			runOnlyForDeploymentPostprocessing = 0;
		};
/* End PBXResourcesBuildPhase section */

/* Begin PBXSourcesBuildPhase section */
		CD2BAA46131094CF0091E65A /* Sources */ = {
			isa = PBXSourcesBuildPhase;
			buildActionMask = 2147483647;
			files = (
				CD2BAA5C131094CF0091E65A /* main.m in Sources */,
				CD2BAA5F131094CF0091E65A /* BOMServationsAppDelegate.m in Sources */,
				CD2BAA65131094CF0091E65A /* RootViewController.m in Sources */,
				CD2BAA7613109CD40091E65A /* SQLDatabase.m in Sources */,
				CD2BAA7713109CD40091E65A /* SQLRow.m in Sources */,
				CD2BAA7813109CD40091E65A /* SQLResult.m in Sources */,
				CD2BAA7B13109DAC0091E65A /* NSDateJSON.m in Sources */,
				CD2BAA881310A4930091E65A /* PersistStore.m in Sources */,
				CD2BAA8F1310BF930091E65A /* ObservationRetriever.m in Sources */,
				CD2BAA991310C0AA0091E65A /* NSObject+SBJSON.m in Sources */,
				CD2BAA9A1310C0AA0091E65A /* NSString+SBJSON.m in Sources */,
				CD2BAA9B1310C0AA0091E65A /* SBJSON.m in Sources */,
				CD60E6601330D71A00B6F95D /* StationsStore.m in Sources */,
				CD60E6651330DEE000B6F95D /* MyChoices.m in Sources */,
				CD60E66A1330E10F00B6F95D /* AddStation.m in Sources */,
			);
			runOnlyForDeploymentPostprocessing = 0;
		};
/* End PBXSourcesBuildPhase section */

/* Begin PBXVariantGroup section */
		CD2BAA57131094CF0091E65A /* InfoPlist.strings */ = {
			isa = PBXVariantGroup;
			children = (
				CD2BAA58131094CF0091E65A /* en */,
			);
			name = InfoPlist.strings;
			sourceTree = "<group>";
		};
		CD2BAA60131094CF0091E65A /* MainWindow.xib */ = {
			isa = PBXVariantGroup;
			children = (
				CD2BAA61131094CF0091E65A /* en */,
			);
			name = MainWindow.xib;
			sourceTree = "<group>";
		};
		CD2BAA66131094CF0091E65A /* RootViewController.xib */ = {
			isa = PBXVariantGroup;
			children = (
				CD2BAA67131094CF0091E65A /* en */,
			);
			name = RootViewController.xib;
			sourceTree = "<group>";
		};
/* End PBXVariantGroup section */

/* Begin XCBuildConfiguration section */
		CD2BAA69131094CF0091E65A /* Debug */ = {
			isa = XCBuildConfiguration;
			buildSettings = {
				ARCHS = "$(ARCHS_STANDARD_32_BIT)";
				"CODE_SIGN_IDENTITY[sdk=iphoneos*]" = "iPhone Developer";
				GCC_C_LANGUAGE_STANDARD = gnu99;
				GCC_OPTIMIZATION_LEVEL = 0;
				GCC_PREPROCESSOR_DEFINITIONS = DEBUG;
				GCC_VERSION = com.apple.compilers.llvmgcc42;
				GCC_WARN_ABOUT_RETURN_TYPE = YES;
				GCC_WARN_UNUSED_VARIABLE = YES;
				IPHONEOS_DEPLOYMENT_TARGET = 4.2;
				SDKROOT = iphoneos;
			};
			name = Debug;
		};
		CD2BAA6A131094CF0091E65A /* Release */ = {
			isa = XCBuildConfiguration;
			buildSettings = {
				ARCHS = "$(ARCHS_STANDARD_32_BIT)";
				"CODE_SIGN_IDENTITY[sdk=iphoneos*]" = "iPhone Developer";
				GCC_C_LANGUAGE_STANDARD = gnu99;
				GCC_VERSION = com.apple.compilers.llvmgcc42;
				GCC_WARN_ABOUT_RETURN_TYPE = YES;
				GCC_WARN_UNUSED_VARIABLE = YES;
				IPHONEOS_DEPLOYMENT_TARGET = 4.2;
				OTHER_CFLAGS = "-DNS_BLOCK_ASSERTIONS=1";
				SDKROOT = iphoneos;
			};
			name = Release;
		};
		CD2BAA6C131094CF0091E65A /* Debug */ = {
			isa = XCBuildConfiguration;
			buildSettings = {
				ALWAYS_SEARCH_USER_PATHS = NO;
				COPY_PHASE_STRIP = NO;
				GCC_DYNAMIC_NO_PIC = NO;
				GCC_PRECOMPILE_PREFIX_HEADER = YES;
				GCC_PREFIX_HEADER = "BOMServations/BOMServations-Prefix.pch";
				INFOPLIST_FILE = "BOMServations/BOMServations-Info.plist";
				INSTALL_PATH = "$(LOCAL_APPS_DIR)";
				LIBRARY_SEARCH_PATHS = (
					"$(inherited)",
					"\"$(SRCROOT)\"",
				);
				PRODUCT_NAME = "$(TARGET_NAME)";
				WRAPPER_EXTENSION = app;
			};
			name = Debug;
		};
		CD2BAA6D131094CF0091E65A /* Release */ = {
			isa = XCBuildConfiguration;
			buildSettings = {
				ALWAYS_SEARCH_USER_PATHS = NO;
				COPY_PHASE_STRIP = YES;
				GCC_PRECOMPILE_PREFIX_HEADER = YES;
				GCC_PREFIX_HEADER = "BOMServations/BOMServations-Prefix.pch";
				INFOPLIST_FILE = "BOMServations/BOMServations-Info.plist";
				INSTALL_PATH = "$(LOCAL_APPS_DIR)";
				LIBRARY_SEARCH_PATHS = (
					"$(inherited)",
					"\"$(SRCROOT)\"",
				);
				PRODUCT_NAME = "$(TARGET_NAME)";
				VALIDATE_PRODUCT = YES;
				WRAPPER_EXTENSION = app;
			};
			name = Release;
		};
/* End XCBuildConfiguration section */

/* Begin XCConfigurationList section */
		CD2BAA44131094CF0091E65A /* Build configuration list for PBXProject "BOMServations" */ = {
			isa = XCConfigurationList;
			buildConfigurations = (
				CD2BAA69131094CF0091E65A /* Debug */,
				CD2BAA6A131094CF0091E65A /* Release */,
			);
			defaultConfigurationIsVisible = 0;
			defaultConfigurationName = Release;
		};
		CD2BAA6B131094CF0091E65A /* Build configuration list for PBXNativeTarget "BOMServations" */ = {
			isa = XCConfigurationList;
			buildConfigurations = (
				CD2BAA6C131094CF0091E65A /* Debug */,
				CD2BAA6D131094CF0091E65A /* Release */,
			);
			defaultConfigurationIsVisible = 0;
			defaultConfigurationName = Release;
		};
/* End XCConfigurationList section */
	};
	rootObject = CD2BAA41131094CF0091E65A /* Project object */;
}
