// !$*UTF8*$!
{
	archiveVersion = 1;
	classes = {
	};
	objectVersion = 46;
	objects = {

/* Begin PBXBuildFile section */
		CD2BAA4F131094CF0091E65A /* UIKit.framework in Frameworks */ = {isa = PBXBuildFile; fileRef = CD2BAA4E131094CF0091E65A /* UIKit.framework */; };
		CD2BAA51131094CF0091E65A /* Foundation.framework in Frameworks */ = {isa = PBXBuildFile; fileRef = CD2BAA50131094CF0091E65A /* Foundation.framework */; };
		CD2BAA53131094CF0091E65A /* CoreGraphics.framework in Frameworks */ = {isa = PBXBuildFile; fileRef = CD2BAA52131094CF0091E65A /* CoreGraphics.framework */; };
		CD2BAA59131094CF0091E65A /* InfoPlist.strings in Resources */ = {isa = PBXBuildFile; fileRef = CD2BAA57131094CF0091E65A /* InfoPlist.strings */; };
		CD2BAA5C131094CF0091E65A /* main.m in Sources */ = {isa = PBXBuildFile; fileRef = CD2BAA5B131094CF0091E65A /* main.m */; };
		CD2BAA5F131094CF0091E65A /* BOMServationsAppDelegate.m in Sources */ = {isa = PBXBuildFile; fileRef = CD2BAA5E131094CF0091E65A /* BOMServationsAppDelegate.m */; };
		CD2BAA62131094CF0091E65A /* MainWindow.xib in Resources */ = {isa = PBXBuildFile; fileRef = CD2BAA60131094CF0091E65A /* MainWindow.xib */; };
		CD2BAA65131094CF0091E65A /* RootViewController.m in Sources */ = {isa = PBXBuildFile; fileRef = CD2BAA64131094CF0091E65A /* RootViewController.m */; };
		CD2BAA68131094CF0091E65A /* RootViewController.xib in Resources */ = {isa = PBXBuildFile; fileRef = CD2BAA66131094CF0091E65A /* RootViewController.xib */; };
/* End PBXBuildFile section */

/* Begin PBXFileReference section */
		CD2BAA4A131094CF0091E65A /* BOMServations.app */ = {isa = PBXFileReference; explicitFileType = wrapper.application; includeInIndex = 0; path = BOMServations.app; sourceTree = BUILT_PRODUCTS_DIR; };
		CD2BAA4E131094CF0091E65A /* UIKit.framework */ = {isa = PBXFileReference; lastKnownFileType = wrapper.framework; name = UIKit.framework; path = System/Library/Frameworks/UIKit.framework; sourceTree = SDKROOT; };
		CD2BAA50131094CF0091E65A /* Foundation.framework */ = {isa = PBXFileReference; lastKnownFileType = wrapper.framework; name = Foundation.framework; path = System/Library/Frameworks/Foundation.framework; sourceTree = SDKROOT; };
		CD2BAA52131094CF0091E65A /* CoreGraphics.framework */ = {isa = PBXFileReference; lastKnownFileType = wrapper.framework; name = CoreGraphics.framework; path = System/Library/Frameworks/CoreGraphics.framework; sourceTree = SDKROOT; };
		CD2BAA56131094CF0091E65A /* BOMServations-Info.plist */ = {isa = PBXFileReference; path = "BOMServations-Info.plist"; sourceTree = "<group>"; };
		CD2BAA58131094CF0091E65A /* en */ = {isa = PBXFileReference; lastKnownFileType = text.plist.strings; name = en; path = en.lproj/InfoPlist.strings; sourceTree = "<group>"; };
		CD2BAA5A131094CF0091E65A /* BOMServations-Prefix.pch */ = {isa = PBXFileReference; path = "BOMServations-Prefix.pch"; sourceTree = "<group>"; };
		CD2BAA5B131094CF0091E65A /* main.m */ = {isa = PBXFileReference; lastKnownFileType = sourcecode.c.objc; path = main.m; sourceTree = "<group>"; };
		CD2BAA5D131094CF0091E65A /* BOMServationsAppDelegate.h */ = {isa = PBXFileReference; path = BOMServationsAppDelegate.h; sourceTree = "<group>"; };
		CD2BAA5E131094CF0091E65A /* BOMServationsAppDelegate.m */ = {isa = PBXFileReference; lastKnownFileType = sourcecode.c.objc; path = BOMServationsAppDelegate.m; sourceTree = "<group>"; };
		CD2BAA61131094CF0091E65A /* en */ = {isa = PBXFileReference; lastKnownFileType = file.xib; name = en; path = en.lproj/MainWindow.xib; sourceTree = "<group>"; };
		CD2BAA63131094CF0091E65A /* RootViewController.h */ = {isa = PBXFileReference; path = RootViewController.h; sourceTree = "<group>"; };
		CD2BAA64131094CF0091E65A /* RootViewController.m */ = {isa = PBXFileReference; lastKnownFileType = sourcecode.c.objc; path = RootViewController.m; sourceTree = "<group>"; };
		CD2BAA67131094CF0091E65A /* en */ = {isa = PBXFileReference; lastKnownFileType = file.xib; name = en; path = en.lproj/RootViewController.xib; sourceTree = "<group>"; };
/* End PBXFileReference section */

/* Begin PBXFrameworksBuildPhase section */
		CD2BAA47131094CF0091E65A /* Frameworks */ = {
			isa = PBXFrameworksBuildPhase;
			buildActionMask = 2147483647;
			files = (
				CD2BAA4F131094CF0091E65A /* UIKit.framework in Frameworks */,
				CD2BAA51131094CF0091E65A /* Foundation.framework in Frameworks */,
				CD2BAA53131094CF0091E65A /* CoreGraphics.framework in Frameworks */,
			);
			runOnlyForDeploymentPostprocessing = 0;
		};
/* End PBXFrameworksBuildPhase section */

/* Begin PBXGroup section */
		CD2BAA3F131094CF0091E65A = {
			isa = PBXGroup;
			children = (
				CD2BAA54131094CF0091E65A /* BOMServations */,
				CD2BAA4D131094CF0091E65A /* Frameworks */,
				CD2BAA4B131094CF0091E65A /* Products */,
			);
			sourceTree = "<group>";
		};
		CD2BAA4B131094CF0091E65A /* Products */ = {
			isa = PBXGroup;
			children = (
				CD2BAA4A131094CF0091E65A /* BOMServations.app */,
			);
			name = Products;
			sourceTree = "<group>";
		};
		CD2BAA4D131094CF0091E65A /* Frameworks */ = {
			isa = PBXGroup;
			children = (
				CD2BAA4E131094CF0091E65A /* UIKit.framework */,
				CD2BAA50131094CF0091E65A /* Foundation.framework */,
				CD2BAA52131094CF0091E65A /* CoreGraphics.framework */,
			);
			name = Frameworks;
			sourceTree = "<group>";
		};
		CD2BAA54131094CF0091E65A /* BOMServations */ = {
			isa = PBXGroup;
			children = (
				CD2BAA5D131094CF0091E65A /* BOMServationsAppDelegate.h */,
				CD2BAA5E131094CF0091E65A /* BOMServationsAppDelegate.m */,
				CD2BAA60131094CF0091E65A /* MainWindow.xib */,
				CD2BAA63131094CF0091E65A /* RootViewController.h */,
				CD2BAA64131094CF0091E65A /* RootViewController.m */,
				CD2BAA66131094CF0091E65A /* RootViewController.xib */,
				CD2BAA55131094CF0091E65A /* Supporting Files */,
			);
			path = BOMServations;
			sourceTree = "<group>";
		};
		CD2BAA55131094CF0091E65A /* Supporting Files */ = {
			isa = PBXGroup;
			children = (
				CD2BAA56131094CF0091E65A /* BOMServations-Info.plist */,
				CD2BAA57131094CF0091E65A /* InfoPlist.strings */,
				CD2BAA5A131094CF0091E65A /* BOMServations-Prefix.pch */,
				CD2BAA5B131094CF0091E65A /* main.m */,
			);
			name = "Supporting Files";
			sourceTree = "<group>";
		};
/* End PBXGroup section */

/* Begin PBXNativeTarget section */
		CD2BAA49131094CF0091E65A /* BOMServations */ = {
			isa = PBXNativeTarget;
			buildConfigurationList = CD2BAA6B131094CF0091E65A /* Build configuration list for PBXNativeTarget "BOMServations" */;
			buildPhases = (
				CD2BAA46131094CF0091E65A /* Sources */,
				CD2BAA47131094CF0091E65A /* Frameworks */,
				CD2BAA48131094CF0091E65A /* Resources */,
			);
			buildRules = (
			);
			dependencies = (
			);
			name = BOMServations;
			productName = BOMServations;
			productReference = CD2BAA4A131094CF0091E65A /* BOMServations.app */;
			productType = "com.apple.product-type.application";
		};
/* End PBXNativeTarget section */

/* Begin PBXProject section */
		CD2BAA41131094CF0091E65A /* Project object */ = {
			isa = PBXProject;
			attributes = {
				ORGANIZATIONNAME = "Sharkey Media";
			};
			buildConfigurationList = CD2BAA44131094CF0091E65A /* Build configuration list for PBXProject "BOMServations" */;
			compatibilityVersion = "Xcode 3.2";
			developmentRegion = English;
			hasScannedForEncodings = 0;
			knownRegions = (
				en,
			);
			mainGroup = CD2BAA3F131094CF0091E65A;
			productRefGroup = CD2BAA4B131094CF0091E65A /* Products */;
			projectDirPath = "";
			projectRoot = "";
			targets = (
				CD2BAA49131094CF0091E65A /* BOMServations */,
			);
		};
/* End PBXProject section */

/* Begin PBXResourcesBuildPhase section */
		CD2BAA48131094CF0091E65A /* Resources */ = {
			isa = PBXResourcesBuildPhase;
			buildActionMask = 2147483647;
			files = (
				CD2BAA59131094CF0091E65A /* InfoPlist.strings in Resources */,
				CD2BAA62131094CF0091E65A /* MainWindow.xib in Resources */,
				CD2BAA68131094CF0091E65A /* RootViewController.xib in Resources */,
			);
			runOnlyForDeploymentPostprocessing = 0;
		};
/* End PBXResourcesBuildPhase section */

/* Begin PBXSourcesBuildPhase section */
		CD2BAA46131094CF0091E65A /* Sources */ = {
			isa = PBXSourcesBuildPhase;
			buildActionMask = 2147483647;
			files = (
				CD2BAA5C131094CF0091E65A /* main.m in Sources */,
				CD2BAA5F131094CF0091E65A /* BOMServationsAppDelegate.m in Sources */,
				CD2BAA65131094CF0091E65A /* RootViewController.m in Sources */,
			);
			runOnlyForDeploymentPostprocessing = 0;
		};
/* End PBXSourcesBuildPhase section */

/* Begin PBXVariantGroup section */
		CD2BAA57131094CF0091E65A /* InfoPlist.strings */ = {
			isa = PBXVariantGroup;
			children = (
				CD2BAA58131094CF0091E65A /* en */,
			);
			name = InfoPlist.strings;
			sourceTree = "<group>";
		};
		CD2BAA60131094CF0091E65A /* MainWindow.xib */ = {
			isa = PBXVariantGroup;
			children = (
				CD2BAA61131094CF0091E65A /* en */,
			);
			name = MainWindow.xib;
			sourceTree = "<group>";
		};
		CD2BAA66131094CF0091E65A /* RootViewController.xib */ = {
			isa = PBXVariantGroup;
			children = (
				CD2BAA67131094CF0091E65A /* en */,
			);
			name = RootViewController.xib;
			sourceTree = "<group>";
		};
/* End PBXVariantGroup section */

/* Begin XCBuildConfiguration section */
		CD2BAA69131094CF0091E65A /* Debug */ = {
			isa = XCBuildConfiguration;
			buildSettings = {
				ARCHS = "$(ARCHS_STANDARD_32_BIT)";
				"CODE_SIGN_IDENTITY[sdk=iphoneos*]" = "iPhone Developer";
				GCC_C_LANGUAGE_STANDARD = gnu99;
				GCC_OPTIMIZATION_LEVEL = 0;
				GCC_PREPROCESSOR_DEFINITIONS = DEBUG;
				GCC_VERSION = com.apple.compilers.llvmgcc42;
				GCC_WARN_ABOUT_RETURN_TYPE = YES;
				GCC_WARN_UNUSED_VARIABLE = YES;
				IPHONEOS_DEPLOYMENT_TARGET = 4.2;
				SDKROOT = iphoneos;
			};
			name = Debug;
		};
		CD2BAA6A131094CF0091E65A /* Release */ = {
			isa = XCBuildConfiguration;
			buildSettings = {
				ARCHS = "$(ARCHS_STANDARD_32_BIT)";
				"CODE_SIGN_IDENTITY[sdk=iphoneos*]" = "iPhone Developer";
				GCC_C_LANGUAGE_STANDARD = gnu99;
				GCC_VERSION = com.apple.compilers.llvmgcc42;
				GCC_WARN_ABOUT_RETURN_TYPE = YES;
				GCC_WARN_UNUSED_VARIABLE = YES;
				IPHONEOS_DEPLOYMENT_TARGET = 4.2;
				OTHER_CFLAGS = "-DNS_BLOCK_ASSERTIONS=1";
				SDKROOT = iphoneos;
			};
			name = Release;
		};
		CD2BAA6C131094CF0091E65A /* Debug */ = {
			isa = XCBuildConfiguration;
			buildSettings = {
				ALWAYS_SEARCH_USER_PATHS = NO;
				COPY_PHASE_STRIP = NO;
				GCC_DYNAMIC_NO_PIC = NO;
				GCC_PRECOMPILE_PREFIX_HEADER = YES;
				GCC_PREFIX_HEADER = "BOMServations/BOMServations-Prefix.pch";
				INFOPLIST_FILE = "BOMServations/BOMServations-Info.plist";
				INSTALL_PATH = "$(LOCAL_APPS_DIR)";
				PRODUCT_NAME = "$(TARGET_NAME)";
				WRAPPER_EXTENSION = app;
			};
			name = Debug;
		};
		CD2BAA6D131094CF0091E65A /* Release */ = {
			isa = XCBuildConfiguration;
			buildSettings = {
				ALWAYS_SEARCH_USER_PATHS = NO;
				COPY_PHASE_STRIP = YES;
				GCC_PRECOMPILE_PREFIX_HEADER = YES;
				GCC_PREFIX_HEADER = "BOMServations/BOMServations-Prefix.pch";
				INFOPLIST_FILE = "BOMServations/BOMServations-Info.plist";
				INSTALL_PATH = "$(LOCAL_APPS_DIR)";
				PRODUCT_NAME = "$(TARGET_NAME)";
				VALIDATE_PRODUCT = YES;
				WRAPPER_EXTENSION = app;
			};
			name = Release;
		};
/* End XCBuildConfiguration section */

/* Begin XCConfigurationList section */
		CD2BAA44131094CF0091E65A /* Build configuration list for PBXProject "BOMServations" */ = {
			isa = XCConfigurationList;
			buildConfigurations = (
				CD2BAA69131094CF0091E65A /* Debug */,
				CD2BAA6A131094CF0091E65A /* Release */,
			);
			defaultConfigurationIsVisible = 0;
			defaultConfigurationName = Release;
		};
		CD2BAA6B131094CF0091E65A /* Build configuration list for PBXNativeTarget "BOMServations" */ = {
			isa = XCConfigurationList;
			buildConfigurations = (
				CD2BAA6C131094CF0091E65A /* Debug */,
				CD2BAA6D131094CF0091E65A /* Release */,
			);
			defaultConfigurationIsVisible = 0;
		};
/* End XCConfigurationList section */
	};
	rootObject = CD2BAA41131094CF0091E65A /* Project object */;
}
